// !$*UTF8*$!
{
	archiveVersion = 1;
	classes = {
	};
	objectVersion = 46;
	objects = {

/* Begin PBXBuildFile section */
		B3BB09951CEE0CD700C2A59D /* KingdomClient.swift in Sources */ = {isa = PBXBuildFile; fileRef = B3BB09941CEE0CD700C2A59D /* KingdomClient.swift */; };
		B3C9D4EF1CECD85A00F77BAB /* Constant.swift in Sources */ = {isa = PBXBuildFile; fileRef = B3C9D4EE1CECD85A00F77BAB /* Constant.swift */; };
		B3C9D4F31CECE65600F77BAB /* UserDefaultsUtil.swift in Sources */ = {isa = PBXBuildFile; fileRef = B3C9D4F21CECE65600F77BAB /* UserDefaultsUtil.swift */; };
		B3C9D4F91CED0A2500F77BAB /* KingdomCell.swift in Sources */ = {isa = PBXBuildFile; fileRef = B3C9D4F81CED0A2500F77BAB /* KingdomCell.swift */; };
		B3C9D4FB1CED0A3E00F77BAB /* KingdomsController.swift in Sources */ = {isa = PBXBuildFile; fileRef = B3C9D4FA1CED0A3E00F77BAB /* KingdomsController.swift */; };
		B3C9D5011CED67A800F77BAB /* Kingdom.swift in Sources */ = {isa = PBXBuildFile; fileRef = B3C9D5001CED67A800F77BAB /* Kingdom.swift */; };
		B3CBE0241CF11CA10090A7A7 /* KingdomDetailClient.swift in Sources */ = {isa = PBXBuildFile; fileRef = B3CBE0231CF11CA10090A7A7 /* KingdomDetailClient.swift */; };
		B3CBE0261CF11E330090A7A7 /* Quest.swift in Sources */ = {isa = PBXBuildFile; fileRef = B3CBE0251CF11E330090A7A7 /* Quest.swift */; };
		B3CBE0281CF11EAB0090A7A7 /* KingdomDetail.swift in Sources */ = {isa = PBXBuildFile; fileRef = B3CBE0271CF11EAB0090A7A7 /* KingdomDetail.swift */; };
		B3CBE02A1CF1704B0090A7A7 /* QuestGiver.swift in Sources */ = {isa = PBXBuildFile; fileRef = B3CBE0291CF1704B0090A7A7 /* QuestGiver.swift */; };
		B3D33EBD1CEB6C56001B8B51 /* AppDelegate.swift in Sources */ = {isa = PBXBuildFile; fileRef = B3D33EBC1CEB6C56001B8B51 /* AppDelegate.swift */; };
		B3D33EC21CEB6C56001B8B51 /* Main.storyboard in Resources */ = {isa = PBXBuildFile; fileRef = B3D33EC01CEB6C56001B8B51 /* Main.storyboard */; };
		B3D33EC41CEB6C56001B8B51 /* Assets.xcassets in Resources */ = {isa = PBXBuildFile; fileRef = B3D33EC31CEB6C56001B8B51 /* Assets.xcassets */; };
		B3D33EC71CEB6C56001B8B51 /* LaunchScreen.storyboard in Resources */ = {isa = PBXBuildFile; fileRef = B3D33EC51CEB6C56001B8B51 /* LaunchScreen.storyboard */; };
		B3D33ED41CEB6CD9001B8B51 /* LoginController.swift in Sources */ = {isa = PBXBuildFile; fileRef = B3D33ED31CEB6CD9001B8B51 /* LoginController.swift */; };
		B3D33EDF1CEB7D79001B8B51 /* User.swift in Sources */ = {isa = PBXBuildFile; fileRef = B3D33EDE1CEB7D79001B8B51 /* User.swift */; };
		B3D33EE11CEBAB01001B8B51 /* CommonUtil.swift in Sources */ = {isa = PBXBuildFile; fileRef = B3D33EE01CEBAB01001B8B51 /* CommonUtil.swift */; };
		B3D33EE31CEBAB9B001B8B51 /* StateUtil.swift in Sources */ = {isa = PBXBuildFile; fileRef = B3D33EE21CEBAB9B001B8B51 /* StateUtil.swift */; };
		B3D33EEB1CEBC705001B8B51 /* SignUpClient.swift in Sources */ = {isa = PBXBuildFile; fileRef = B3D33EEA1CEBC705001B8B51 /* SignUpClient.swift */; };
		B3D33EEF1CEBC931001B8B51 /* APIInterface.swift in Sources */ = {isa = PBXBuildFile; fileRef = B3D33EEE1CEBC931001B8B51 /* APIInterface.swift */; };
		B3D33EF11CEBC9F2001B8B51 /* BaseHttpRequest.swift in Sources */ = {isa = PBXBuildFile; fileRef = B3D33EF01CEBC9F2001B8B51 /* BaseHttpRequest.swift */; };
		DCA519A9924F215793105678 /* Pods_QuestBoardSwift.framework in Frameworks */ = {isa = PBXBuildFile; fileRef = 7817B2EA488E5F3676C13EDF /* Pods_QuestBoardSwift.framework */; };
		F218BBEA1CEF6F0300C2952A /* BaseNavigationController.swift in Sources */ = {isa = PBXBuildFile; fileRef = F218BBE91CEF6F0300C2952A /* BaseNavigationController.swift */; };
		F288FBD11CEF53B00004A719 /* SJModel.swift in Sources */ = {isa = PBXBuildFile; fileRef = F288FBD01CEF53B00004A719 /* SJModel.swift */; };
		F2E01A441CEFAA27000D3423 /* KingdomDetailController.swift in Sources */ = {isa = PBXBuildFile; fileRef = F2E01A431CEFAA26000D3423 /* KingdomDetailController.swift */; };
/* End PBXBuildFile section */

/* Begin PBXFileReference section */
		1B8111441539E2B2FF1494A0 /* Pods-QuestBoardSwift.release.xcconfig */ = {isa = PBXFileReference; includeInIndex = 1; lastKnownFileType = text.xcconfig; name = "Pods-QuestBoardSwift.release.xcconfig"; path = "Pods/Target Support Files/Pods-QuestBoardSwift/Pods-QuestBoardSwift.release.xcconfig"; sourceTree = "<group>"; };
		384A24F31A9BA02232458923 /* Pods-QuestBoardSwift.debug.xcconfig */ = {isa = PBXFileReference; includeInIndex = 1; lastKnownFileType = text.xcconfig; name = "Pods-QuestBoardSwift.debug.xcconfig"; path = "Pods/Target Support Files/Pods-QuestBoardSwift/Pods-QuestBoardSwift.debug.xcconfig"; sourceTree = "<group>"; };
		7817B2EA488E5F3676C13EDF /* Pods_QuestBoardSwift.framework */ = {isa = PBXFileReference; explicitFileType = wrapper.framework; includeInIndex = 0; path = Pods_QuestBoardSwift.framework; sourceTree = BUILT_PRODUCTS_DIR; };
		B3BB09941CEE0CD700C2A59D /* KingdomClient.swift */ = {isa = PBXFileReference; fileEncoding = 4; lastKnownFileType = sourcecode.swift; path = KingdomClient.swift; sourceTree = "<group>"; };
		B3C9D4EE1CECD85A00F77BAB /* Constant.swift */ = {isa = PBXFileReference; fileEncoding = 4; lastKnownFileType = sourcecode.swift; path = Constant.swift; sourceTree = "<group>"; };
		B3C9D4F21CECE65600F77BAB /* UserDefaultsUtil.swift */ = {isa = PBXFileReference; fileEncoding = 4; lastKnownFileType = sourcecode.swift; path = UserDefaultsUtil.swift; sourceTree = "<group>"; };
		B3C9D4F81CED0A2500F77BAB /* KingdomCell.swift */ = {isa = PBXFileReference; fileEncoding = 4; lastKnownFileType = sourcecode.swift; path = KingdomCell.swift; sourceTree = "<group>"; };
		B3C9D4FA1CED0A3E00F77BAB /* KingdomsController.swift */ = {isa = PBXFileReference; fileEncoding = 4; lastKnownFileType = sourcecode.swift; path = KingdomsController.swift; sourceTree = "<group>"; };
		B3C9D5001CED67A800F77BAB /* Kingdom.swift */ = {isa = PBXFileReference; fileEncoding = 4; lastKnownFileType = sourcecode.swift; path = Kingdom.swift; sourceTree = "<group>"; };
		B3CBE0231CF11CA10090A7A7 /* KingdomDetailClient.swift */ = {isa = PBXFileReference; fileEncoding = 4; lastKnownFileType = sourcecode.swift; path = KingdomDetailClient.swift; sourceTree = "<group>"; };
		B3CBE0251CF11E330090A7A7 /* Quest.swift */ = {isa = PBXFileReference; fileEncoding = 4; lastKnownFileType = sourcecode.swift; path = Quest.swift; sourceTree = "<group>"; };
		B3CBE0271CF11EAB0090A7A7 /* KingdomDetail.swift */ = {isa = PBXFileReference; fileEncoding = 4; lastKnownFileType = sourcecode.swift; path = KingdomDetail.swift; sourceTree = "<group>"; };
		B3CBE0291CF1704B0090A7A7 /* QuestGiver.swift */ = {isa = PBXFileReference; fileEncoding = 4; lastKnownFileType = sourcecode.swift; path = QuestGiver.swift; sourceTree = "<group>"; };
		B3D33EB91CEB6C56001B8B51 /* QuestBoardSwift.app */ = {isa = PBXFileReference; explicitFileType = wrapper.application; includeInIndex = 0; path = QuestBoardSwift.app; sourceTree = BUILT_PRODUCTS_DIR; };
		B3D33EBC1CEB6C56001B8B51 /* AppDelegate.swift */ = {isa = PBXFileReference; lastKnownFileType = sourcecode.swift; path = AppDelegate.swift; sourceTree = "<group>"; };
		B3D33EC11CEB6C56001B8B51 /* Base */ = {isa = PBXFileReference; lastKnownFileType = file.storyboard; name = Base; path = Base.lproj/Main.storyboard; sourceTree = "<group>"; };
		B3D33EC31CEB6C56001B8B51 /* Assets.xcassets */ = {isa = PBXFileReference; lastKnownFileType = folder.assetcatalog; path = Assets.xcassets; sourceTree = "<group>"; };
		B3D33EC61CEB6C56001B8B51 /* Base */ = {isa = PBXFileReference; lastKnownFileType = file.storyboard; name = Base; path = Base.lproj/LaunchScreen.storyboard; sourceTree = "<group>"; };
		B3D33EC81CEB6C56001B8B51 /* Info.plist */ = {isa = PBXFileReference; lastKnownFileType = text.plist.xml; path = Info.plist; sourceTree = "<group>"; };
		B3D33ED31CEB6CD9001B8B51 /* LoginController.swift */ = {isa = PBXFileReference; fileEncoding = 4; lastKnownFileType = sourcecode.swift; path = LoginController.swift; sourceTree = "<group>"; };
		B3D33EDE1CEB7D79001B8B51 /* User.swift */ = {isa = PBXFileReference; fileEncoding = 4; lastKnownFileType = sourcecode.swift; path = User.swift; sourceTree = "<group>"; };
		B3D33EE01CEBAB01001B8B51 /* CommonUtil.swift */ = {isa = PBXFileReference; fileEncoding = 4; lastKnownFileType = sourcecode.swift; path = CommonUtil.swift; sourceTree = "<group>"; };
		B3D33EE21CEBAB9B001B8B51 /* StateUtil.swift */ = {isa = PBXFileReference; fileEncoding = 4; lastKnownFileType = sourcecode.swift; path = StateUtil.swift; sourceTree = "<group>"; };
		B3D33EEA1CEBC705001B8B51 /* SignUpClient.swift */ = {isa = PBXFileReference; fileEncoding = 4; lastKnownFileType = sourcecode.swift; path = SignUpClient.swift; sourceTree = "<group>"; };
		B3D33EEE1CEBC931001B8B51 /* APIInterface.swift */ = {isa = PBXFileReference; fileEncoding = 4; lastKnownFileType = sourcecode.swift; path = APIInterface.swift; sourceTree = "<group>"; };
		B3D33EF01CEBC9F2001B8B51 /* BaseHttpRequest.swift */ = {isa = PBXFileReference; fileEncoding = 4; lastKnownFileType = sourcecode.swift; path = BaseHttpRequest.swift; sourceTree = "<group>"; };
		F218BBE91CEF6F0300C2952A /* BaseNavigationController.swift */ = {isa = PBXFileReference; fileEncoding = 4; lastKnownFileType = sourcecode.swift; path = BaseNavigationController.swift; sourceTree = "<group>"; };
		F288FBD01CEF53B00004A719 /* SJModel.swift */ = {isa = PBXFileReference; fileEncoding = 4; lastKnownFileType = sourcecode.swift; path = SJModel.swift; sourceTree = "<group>"; };
		F2E01A431CEFAA26000D3423 /* KingdomDetailController.swift */ = {isa = PBXFileReference; fileEncoding = 4; lastKnownFileType = sourcecode.swift; path = KingdomDetailController.swift; sourceTree = "<group>"; };
/* End PBXFileReference section */

/* Begin PBXFrameworksBuildPhase section */
		B3D33EB61CEB6C56001B8B51 /* Frameworks */ = {
			isa = PBXFrameworksBuildPhase;
			buildActionMask = 2147483647;
			files = (
				DCA519A9924F215793105678 /* Pods_QuestBoardSwift.framework in Frameworks */,
			);
			runOnlyForDeploymentPostprocessing = 0;
		};
/* End PBXFrameworksBuildPhase section */

/* Begin PBXGroup section */
		74E0B142664094FC78D55B65 /* Frameworks */ = {
			isa = PBXGroup;
			children = (
				7817B2EA488E5F3676C13EDF /* Pods_QuestBoardSwift.framework */,
			);
			name = Frameworks;
			sourceTree = "<group>";
		};
		970B68071F9C5B5F0CDCA3D5 /* Pods */ = {
			isa = PBXGroup;
			children = (
				384A24F31A9BA02232458923 /* Pods-QuestBoardSwift.debug.xcconfig */,
				1B8111441539E2B2FF1494A0 /* Pods-QuestBoardSwift.release.xcconfig */,
			);
			name = Pods;
			sourceTree = "<group>";
		};
		B3C9D4F41CED09D000F77BAB /* KindomsController */ = {
			isa = PBXGroup;
			children = (
				B3C9D4F51CED09DD00F77BAB /* Cell */,
				B3C9D4FA1CED0A3E00F77BAB /* KingdomsController.swift */,
			);
			name = KindomsController;
			sourceTree = "<group>";
		};
		B3C9D4F51CED09DD00F77BAB /* Cell */ = {
			isa = PBXGroup;
			children = (
				B3C9D4F81CED0A2500F77BAB /* KingdomCell.swift */,
			);
			name = Cell;
			sourceTree = "<group>";
		};
		B3D33EB01CEB6C56001B8B51 = {
			isa = PBXGroup;
			children = (
				B3D33EBB1CEB6C56001B8B51 /* QuestBoardSwift */,
				B3D33EBA1CEB6C56001B8B51 /* Products */,
				970B68071F9C5B5F0CDCA3D5 /* Pods */,
				74E0B142664094FC78D55B65 /* Frameworks */,
			);
			sourceTree = "<group>";
		};
		B3D33EBA1CEB6C56001B8B51 /* Products */ = {
			isa = PBXGroup;
			children = (
				B3D33EB91CEB6C56001B8B51 /* QuestBoardSwift.app */,
			);
			name = Products;
			sourceTree = "<group>";
		};
		B3D33EBB1CEB6C56001B8B51 /* QuestBoardSwift */ = {
			isa = PBXGroup;
			children = (
				F288FBCF1CEF53A10004A719 /* myLib */,
				B3D33ECE1CEB6C8D001B8B51 /* Model */,
				B3D33ED11CEB6CAF001B8B51 /* Controllers */,
				B3D33ED01CEB6C99001B8B51 /* Http */,
				B3D33ECF1CEB6C94001B8B51 /* Util */,
				B3D33EC01CEB6C56001B8B51 /* Main.storyboard */,
				B3D33EC31CEB6C56001B8B51 /* Assets.xcassets */,
				B3D33EC51CEB6C56001B8B51 /* LaunchScreen.storyboard */,
				B3D33EBC1CEB6C56001B8B51 /* AppDelegate.swift */,
				B3D33EC81CEB6C56001B8B51 /* Info.plist */,
			);
			path = QuestBoardSwift;
			sourceTree = "<group>";
		};
		B3D33ECE1CEB6C8D001B8B51 /* Model */ = {
			isa = PBXGroup;
			children = (
				B3D33EDE1CEB7D79001B8B51 /* User.swift */,
				B3C9D5001CED67A800F77BAB /* Kingdom.swift */,
				B3CBE0271CF11EAB0090A7A7 /* KingdomDetail.swift */,
				B3CBE0251CF11E330090A7A7 /* Quest.swift */,
				B3CBE0291CF1704B0090A7A7 /* QuestGiver.swift */,
			);
			name = Model;
			sourceTree = "<group>";
		};
		B3D33ECF1CEB6C94001B8B51 /* Util */ = {
			isa = PBXGroup;
			children = (
				B3D33EE01CEBAB01001B8B51 /* CommonUtil.swift */,
				B3D33EE21CEBAB9B001B8B51 /* StateUtil.swift */,
				B3C9D4EE1CECD85A00F77BAB /* Constant.swift */,
				B3C9D4F21CECE65600F77BAB /* UserDefaultsUtil.swift */,
			);
			name = Util;
			sourceTree = "<group>";
		};
		B3D33ED01CEB6C99001B8B51 /* Http */ = {
			isa = PBXGroup;
			children = (
				B3D33EE71CEBC6BD001B8B51 /* Client */,
				B3D33EEE1CEBC931001B8B51 /* APIInterface.swift */,
				B3D33EF01CEBC9F2001B8B51 /* BaseHttpRequest.swift */,
			);
			name = Http;
			sourceTree = "<group>";
		};
		B3D33ED11CEB6CAF001B8B51 /* Controllers */ = {
			isa = PBXGroup;
			children = (
				F2E01A421CEFA9E5000D3423 /* KingdomDetailController */,
				F218BBE81CEF6EC600C2952A /* BaseController */,
				B3C9D4F41CED09D000F77BAB /* KindomsController */,
				B3D33ED21CEB6CBD001B8B51 /* LoginController */,
			);
			name = Controllers;
			sourceTree = "<group>";
		};
		B3D33ED21CEB6CBD001B8B51 /* LoginController */ = {
			isa = PBXGroup;
			children = (
				B3D33ED31CEB6CD9001B8B51 /* LoginController.swift */,
			);
			name = LoginController;
			sourceTree = "<group>";
		};
		B3D33EE71CEBC6BD001B8B51 /* Client */ = {
			isa = PBXGroup;
			children = (
				B3D33EEA1CEBC705001B8B51 /* SignUpClient.swift */,
				B3BB09941CEE0CD700C2A59D /* KingdomClient.swift */,
				B3CBE0231CF11CA10090A7A7 /* KingdomDetailClient.swift */,
			);
			name = Client;
			sourceTree = "<group>";
		};
		F218BBE81CEF6EC600C2952A /* BaseController */ = {
			isa = PBXGroup;
			children = (
				F218BBE91CEF6F0300C2952A /* BaseNavigationController.swift */,
			);
			name = BaseController;
			sourceTree = "<group>";
		};
		F288FBCF1CEF53A10004A719 /* myLib */ = {
			isa = PBXGroup;
			children = (
				F288FBD01CEF53B00004A719 /* SJModel.swift */,
			);
			name = myLib;
			sourceTree = "<group>";
		};
		F2E01A421CEFA9E5000D3423 /* KingdomDetailController */ = {
			isa = PBXGroup;
			children = (
				F2E01A451CEFB139000D3423 /* SwipeView */,
				F2E01A431CEFAA26000D3423 /* KingdomDetailController.swift */,
			);
			name = KingdomDetailController;
			sourceTree = "<group>";
		};
		F2E01A451CEFB139000D3423 /* SwipeView */ = {
			isa = PBXGroup;
			children = (
			);
			name = SwipeView;
			sourceTree = "<group>";
		};
/* End PBXGroup section */

/* Begin PBXNativeTarget section */
		B3D33EB81CEB6C56001B8B51 /* QuestBoardSwift */ = {
			isa = PBXNativeTarget;
			buildConfigurationList = B3D33ECB1CEB6C56001B8B51 /* Build configuration list for PBXNativeTarget "QuestBoardSwift" */;
			buildPhases = (
				AB9973AFCDD87A023023C652 /* 📦 Check Pods Manifest.lock */,
				B3D33EB51CEB6C56001B8B51 /* Sources */,
				B3D33EB61CEB6C56001B8B51 /* Frameworks */,
				B3D33EB71CEB6C56001B8B51 /* Resources */,
				8BB1CA8CB4A5AC44209838AA /* 📦 Embed Pods Frameworks */,
				2FBB92A26DB10616074CD1EA /* 📦 Copy Pods Resources */,
			);
			buildRules = (
			);
			dependencies = (
			);
			name = QuestBoardSwift;
			productName = QuestBoardSwift;
			productReference = B3D33EB91CEB6C56001B8B51 /* QuestBoardSwift.app */;
			productType = "com.apple.product-type.application";
		};
/* End PBXNativeTarget section */

/* Begin PBXProject section */
		B3D33EB11CEB6C56001B8B51 /* Project object */ = {
			isa = PBXProject;
			attributes = {
				LastSwiftUpdateCheck = 0730;
				LastUpgradeCheck = 0730;
				ORGANIZATIONNAME = FattGuy;
				TargetAttributes = {
					B3D33EB81CEB6C56001B8B51 = {
						CreatedOnToolsVersion = 7.3.1;
					};
				};
			};
			buildConfigurationList = B3D33EB41CEB6C56001B8B51 /* Build configuration list for PBXProject "QuestBoardSwift" */;
			compatibilityVersion = "Xcode 3.2";
			developmentRegion = English;
			hasScannedForEncodings = 0;
			knownRegions = (
				en,
				Base,
			);
			mainGroup = B3D33EB01CEB6C56001B8B51;
			productRefGroup = B3D33EBA1CEB6C56001B8B51 /* Products */;
			projectDirPath = "";
			projectRoot = "";
			targets = (
				B3D33EB81CEB6C56001B8B51 /* QuestBoardSwift */,
			);
		};
/* End PBXProject section */

/* Begin PBXResourcesBuildPhase section */
		B3D33EB71CEB6C56001B8B51 /* Resources */ = {
			isa = PBXResourcesBuildPhase;
			buildActionMask = 2147483647;
			files = (
				B3D33EC71CEB6C56001B8B51 /* LaunchScreen.storyboard in Resources */,
				B3D33EC41CEB6C56001B8B51 /* Assets.xcassets in Resources */,
				B3D33EC21CEB6C56001B8B51 /* Main.storyboard in Resources */,
			);
			runOnlyForDeploymentPostprocessing = 0;
		};
/* End PBXResourcesBuildPhase section */

/* Begin PBXShellScriptBuildPhase section */
		2FBB92A26DB10616074CD1EA /* 📦 Copy Pods Resources */ = {
			isa = PBXShellScriptBuildPhase;
			buildActionMask = 2147483647;
			files = (
			);
			inputPaths = (
			);
			name = "📦 Copy Pods Resources";
			outputPaths = (
			);
			runOnlyForDeploymentPostprocessing = 0;
			shellPath = /bin/sh;
			shellScript = "\"${SRCROOT}/Pods/Target Support Files/Pods-QuestBoardSwift/Pods-QuestBoardSwift-resources.sh\"\n";
			showEnvVarsInLog = 0;
		};
		8BB1CA8CB4A5AC44209838AA /* 📦 Embed Pods Frameworks */ = {
			isa = PBXShellScriptBuildPhase;
			buildActionMask = 2147483647;
			files = (
			);
			inputPaths = (
			);
			name = "📦 Embed Pods Frameworks";
			outputPaths = (
			);
			runOnlyForDeploymentPostprocessing = 0;
			shellPath = /bin/sh;
			shellScript = "\"${SRCROOT}/Pods/Target Support Files/Pods-QuestBoardSwift/Pods-QuestBoardSwift-frameworks.sh\"\n";
			showEnvVarsInLog = 0;
		};
		AB9973AFCDD87A023023C652 /* 📦 Check Pods Manifest.lock */ = {
			isa = PBXShellScriptBuildPhase;
			buildActionMask = 2147483647;
			files = (
			);
			inputPaths = (
			);
			name = "📦 Check Pods Manifest.lock";
			outputPaths = (
			);
			runOnlyForDeploymentPostprocessing = 0;
			shellPath = /bin/sh;
			shellScript = "diff \"${PODS_ROOT}/../Podfile.lock\" \"${PODS_ROOT}/Manifest.lock\" > /dev/null\nif [[ $? != 0 ]] ; then\n    cat << EOM\nerror: The sandbox is not in sync with the Podfile.lock. Run 'pod install' or update your CocoaPods installation.\nEOM\n    exit 1\nfi\n";
			showEnvVarsInLog = 0;
		};
/* End PBXShellScriptBuildPhase section */

/* Begin PBXSourcesBuildPhase section */
		B3D33EB51CEB6C56001B8B51 /* Sources */ = {
			isa = PBXSourcesBuildPhase;
			buildActionMask = 2147483647;
			files = (
				B3D33EEF1CEBC931001B8B51 /* APIInterface.swift in Sources */,
				B3D33EDF1CEB7D79001B8B51 /* User.swift in Sources */,
				B3CBE0261CF11E330090A7A7 /* Quest.swift in Sources */,
				B3C9D4FB1CED0A3E00F77BAB /* KingdomsController.swift in Sources */,
				B3C9D5011CED67A800F77BAB /* Kingdom.swift in Sources */,
				B3D33EEB1CEBC705001B8B51 /* SignUpClient.swift in Sources */,
				B3D33ED41CEB6CD9001B8B51 /* LoginController.swift in Sources */,
				B3C9D4F91CED0A2500F77BAB /* KingdomCell.swift in Sources */,
				F288FBD11CEF53B00004A719 /* SJModel.swift in Sources */,
				B3CBE02A1CF1704B0090A7A7 /* QuestGiver.swift in Sources */,
				B3D33EF11CEBC9F2001B8B51 /* BaseHttpRequest.swift in Sources */,
				B3BB09951CEE0CD700C2A59D /* KingdomClient.swift in Sources */,
				B3D33EE11CEBAB01001B8B51 /* CommonUtil.swift in Sources */,
				B3CBE0241CF11CA10090A7A7 /* KingdomDetailClient.swift in Sources */,
				B3C9D4EF1CECD85A00F77BAB /* Constant.swift in Sources */,
				B3CBE0281CF11EAB0090A7A7 /* KingdomDetail.swift in Sources */,
				B3D33EBD1CEB6C56001B8B51 /* AppDelegate.swift in Sources */,
				F218BBEA1CEF6F0300C2952A /* BaseNavigationController.swift in Sources */,
				F2E01A441CEFAA27000D3423 /* KingdomDetailController.swift in Sources */,
				B3C9D4F31CECE65600F77BAB /* UserDefaultsUtil.swift in Sources */,
				B3D33EE31CEBAB9B001B8B51 /* StateUtil.swift in Sources */,
			);
			runOnlyForDeploymentPostprocessing = 0;
		};
/* End PBXSourcesBuildPhase section */

/* Begin PBXVariantGroup section */
		B3D33EC01CEB6C56001B8B51 /* Main.storyboard */ = {
			isa = PBXVariantGroup;
			children = (
				B3D33EC11CEB6C56001B8B51 /* Base */,
			);
			name = Main.storyboard;
			sourceTree = "<group>";
		};
		B3D33EC51CEB6C56001B8B51 /* LaunchScreen.storyboard */ = {
			isa = PBXVariantGroup;
			children = (
				B3D33EC61CEB6C56001B8B51 /* Base */,
			);
			name = LaunchScreen.storyboard;
			sourceTree = "<group>";
		};
/* End PBXVariantGroup section */

/* Begin XCBuildConfiguration section */
		B3D33EC91CEB6C56001B8B51 /* Debug */ = {
			isa = XCBuildConfiguration;
			buildSettings = {
				ALWAYS_SEARCH_USER_PATHS = NO;
				CLANG_ANALYZER_NONNULL = YES;
				CLANG_CXX_LANGUAGE_STANDARD = "gnu++0x";
				CLANG_CXX_LIBRARY = "libc++";
				CLANG_ENABLE_MODULES = YES;
				CLANG_ENABLE_OBJC_ARC = YES;
				CLANG_WARN_BOOL_CONVERSION = YES;
				CLANG_WARN_CONSTANT_CONVERSION = YES;
				CLANG_WARN_DIRECT_OBJC_ISA_USAGE = YES_ERROR;
				CLANG_WARN_EMPTY_BODY = YES;
				CLANG_WARN_ENUM_CONVERSION = YES;
				CLANG_WARN_INT_CONVERSION = YES;
				CLANG_WARN_OBJC_ROOT_CLASS = YES_ERROR;
				CLANG_WARN_UNREACHABLE_CODE = YES;
				CLANG_WARN__DUPLICATE_METHOD_MATCH = YES;
				"CODE_SIGN_IDENTITY[sdk=iphoneos*]" = "iPhone Developer";
				COPY_PHASE_STRIP = NO;
				DEBUG_INFORMATION_FORMAT = dwarf;
				ENABLE_STRICT_OBJC_MSGSEND = YES;
				ENABLE_TESTABILITY = YES;
				GCC_C_LANGUAGE_STANDARD = gnu99;
				GCC_DYNAMIC_NO_PIC = NO;
				GCC_NO_COMMON_BLOCKS = YES;
				GCC_OPTIMIZATION_LEVEL = 0;
				GCC_PREPROCESSOR_DEFINITIONS = (
					"DEBUG=1",
					"$(inherited)",
				);
				GCC_WARN_64_TO_32_BIT_CONVERSION = YES;
				GCC_WARN_ABOUT_RETURN_TYPE = YES_ERROR;
				GCC_WARN_UNDECLARED_SELECTOR = YES;
				GCC_WARN_UNINITIALIZED_AUTOS = YES_AGGRESSIVE;
				GCC_WARN_UNUSED_FUNCTION = YES;
				GCC_WARN_UNUSED_VARIABLE = YES;
				IPHONEOS_DEPLOYMENT_TARGET = 9.3;
				MTL_ENABLE_DEBUG_INFO = YES;
				ONLY_ACTIVE_ARCH = YES;
				SDKROOT = iphoneos;
				SWIFT_OPTIMIZATION_LEVEL = "-Onone";
			};
			name = Debug;
		};
		B3D33ECA1CEB6C56001B8B51 /* Release */ = {
			isa = XCBuildConfiguration;
			buildSettings = {
				ALWAYS_SEARCH_USER_PATHS = NO;
				CLANG_ANALYZER_NONNULL = YES;
				CLANG_CXX_LANGUAGE_STANDARD = "gnu++0x";
				CLANG_CXX_LIBRARY = "libc++";
				CLANG_ENABLE_MODULES = YES;
				CLANG_ENABLE_OBJC_ARC = YES;
				CLANG_WARN_BOOL_CONVERSION = YES;
				CLANG_WARN_CONSTANT_CONVERSION = YES;
				CLANG_WARN_DIRECT_OBJC_ISA_USAGE = YES_ERROR;
				CLANG_WARN_EMPTY_BODY = YES;
				CLANG_WARN_ENUM_CONVERSION = YES;
				CLANG_WARN_INT_CONVERSION = YES;
				CLANG_WARN_OBJC_ROOT_CLASS = YES_ERROR;
				CLANG_WARN_UNREACHABLE_CODE = YES;
				CLANG_WARN__DUPLICATE_METHOD_MATCH = YES;
				"CODE_SIGN_IDENTITY[sdk=iphoneos*]" = "iPhone Developer";
				COPY_PHASE_STRIP = NO;
				DEBUG_INFORMATION_FORMAT = "dwarf-with-dsym";
				ENABLE_NS_ASSERTIONS = NO;
				ENABLE_STRICT_OBJC_MSGSEND = YES;
				GCC_C_LANGUAGE_STANDARD = gnu99;
				GCC_NO_COMMON_BLOCKS = YES;
				GCC_WARN_64_TO_32_BIT_CONVERSION = YES;
				GCC_WARN_ABOUT_RETURN_TYPE = YES_ERROR;
				GCC_WARN_UNDECLARED_SELECTOR = YES;
				GCC_WARN_UNINITIALIZED_AUTOS = YES_AGGRESSIVE;
				GCC_WARN_UNUSED_FUNCTION = YES;
				GCC_WARN_UNUSED_VARIABLE = YES;
				IPHONEOS_DEPLOYMENT_TARGET = 9.3;
				MTL_ENABLE_DEBUG_INFO = NO;
				SDKROOT = iphoneos;
				VALIDATE_PRODUCT = YES;
			};
			name = Release;
		};
		B3D33ECC1CEB6C56001B8B51 /* Debug */ = {
			isa = XCBuildConfiguration;
			baseConfigurationReference = 384A24F31A9BA02232458923 /* Pods-QuestBoardSwift.debug.xcconfig */;
			buildSettings = {
				ASSETCATALOG_COMPILER_APPICON_NAME = AppIcon;
				CLANG_ENABLE_MODULES = YES;
				INFOPLIST_FILE = QuestBoardSwift/Info.plist;
				LD_RUNPATH_SEARCH_PATHS = "$(inherited) @executable_path/Frameworks";
				PRODUCT_BUNDLE_IDENTIFIER = com.fengchang.QuestBoardSwift;
				PRODUCT_NAME = "$(TARGET_NAME)";
				SWIFT_OBJC_BRIDGING_HEADER = "";
				SWIFT_OPTIMIZATION_LEVEL = "-Onone";
			};
			name = Debug;
		};
		B3D33ECD1CEB6C56001B8B51 /* Release */ = {
			isa = XCBuildConfiguration;
			baseConfigurationReference = 1B8111441539E2B2FF1494A0 /* Pods-QuestBoardSwift.release.xcconfig */;
			buildSettings = {
				ASSETCATALOG_COMPILER_APPICON_NAME = AppIcon;
				CLANG_ENABLE_MODULES = YES;
				INFOPLIST_FILE = QuestBoardSwift/Info.plist;
				LD_RUNPATH_SEARCH_PATHS = "$(inherited) @executable_path/Frameworks";
				PRODUCT_BUNDLE_IDENTIFIER = com.fengchang.QuestBoardSwift;
				PRODUCT_NAME = "$(TARGET_NAME)";
				SWIFT_OBJC_BRIDGING_HEADER = "";
			};
			name = Release;
		};
/* End XCBuildConfiguration section */

/* Begin XCConfigurationList section */
		B3D33EB41CEB6C56001B8B51 /* Build configuration list for PBXProject "QuestBoardSwift" */ = {
			isa = XCConfigurationList;
			buildConfigurations = (
				B3D33EC91CEB6C56001B8B51 /* Debug */,
				B3D33ECA1CEB6C56001B8B51 /* Release */,
			);
			defaultConfigurationIsVisible = 0;
			defaultConfigurationName = Release;
		};
		B3D33ECB1CEB6C56001B8B51 /* Build configuration list for PBXNativeTarget "QuestBoardSwift" */ = {
			isa = XCConfigurationList;
			buildConfigurations = (
				B3D33ECC1CEB6C56001B8B51 /* Debug */,
				B3D33ECD1CEB6C56001B8B51 /* Release */,
			);
			defaultConfigurationIsVisible = 0;
			defaultConfigurationName = Release;
		};
/* End XCConfigurationList section */
	};
	rootObject = B3D33EB11CEB6C56001B8B51 /* Project object */;
}
